# This file is generated by running "yarn install" inside your project.
# Manual changes might be lost - proceed with caution!

__metadata:
  version: 6
  cacheKey: 8

"@azure/abort-controller@npm:^1.0.0":
  version: 1.1.0
  resolution: "@azure/abort-controller@npm:1.1.0"
  dependencies:
    tslib: ^2.2.0
  checksum: 0f45e504d4aea799486867179afe7589255f6c111951279958e9d0aa5faebb2c96b8f88e3e3c958ce07b02bcba0b0cddb1bbec94705f573a48ecdb93eec1a92a
  languageName: node
  linkType: hard

"@azure/core-auth@npm:^1.3.0, @azure/core-auth@npm:^1.4.0":
  version: 1.4.0
  resolution: "@azure/core-auth@npm:1.4.0"
  dependencies:
    "@azure/abort-controller": ^1.0.0
    tslib: ^2.2.0
  checksum: 1c76c296fe911ad39fc780b033c25a92c41c5a15f011b816d42c13584f627a4dd153dfb4334900ec93eb5b006e14bdda37e8412a7697c5a9636a0abaccffad39
  languageName: node
  linkType: hard

"@azure/core-client@npm:^1.4.0":
  version: 1.7.3
  resolution: "@azure/core-client@npm:1.7.3"
  dependencies:
    "@azure/abort-controller": ^1.0.0
    "@azure/core-auth": ^1.4.0
    "@azure/core-rest-pipeline": ^1.9.1
    "@azure/core-tracing": ^1.0.0
    "@azure/core-util": ^1.0.0
    "@azure/logger": ^1.0.0
    tslib: ^2.2.0
  checksum: 155a188b75b2d5ea783d5fde50479337c41796736f0fced1576466c8251e429195c229f2aff0bf897761f15c19d8fd0deea9a54aab514bd3584e37140e3f0cdc
  languageName: node
  linkType: hard

"@azure/core-rest-pipeline@npm:^1.1.0, @azure/core-rest-pipeline@npm:^1.9.1":
  version: 1.11.0
  resolution: "@azure/core-rest-pipeline@npm:1.11.0"
  dependencies:
    "@azure/abort-controller": ^1.0.0
    "@azure/core-auth": ^1.4.0
    "@azure/core-tracing": ^1.0.1
    "@azure/core-util": ^1.3.0
    "@azure/logger": ^1.0.0
    form-data: ^4.0.0
    http-proxy-agent: ^5.0.0
    https-proxy-agent: ^5.0.0
    tslib: ^2.2.0
  checksum: e65b03022ba342b7788d3146eed5ddd36c7c99edf210bafd81aa55a921da08161735eb08b9177aceba5986eede53f13f8a3d064f03950b68348d877d098a6803
  languageName: node
  linkType: hard

"@azure/core-tracing@npm:^1.0.0, @azure/core-tracing@npm:^1.0.1":
  version: 1.0.1
  resolution: "@azure/core-tracing@npm:1.0.1"
  dependencies:
    tslib: ^2.2.0
  checksum: ae4309f8ab0b52c37f699594d58ee095782649f538bd6a0ee03e3fea042f55df7ad95c2e6dec22f5b8c3907e4bcf98d6ca98faaf480d446b73d41bbc1519d891
  languageName: node
  linkType: hard

"@azure/core-util@npm:^1.0.0, @azure/core-util@npm:^1.3.0":
  version: 1.3.2
  resolution: "@azure/core-util@npm:1.3.2"
  dependencies:
    "@azure/abort-controller": ^1.0.0
    tslib: ^2.2.0
  checksum: c26053a209ed99c5b31ec54bd456155a7e602fda0b680ba326063ee42427efe60042124fbf22701397647e822bee252f77fec449e8f8100c406b8ca7168c8359
  languageName: node
  linkType: hard

"@azure/identity@npm:^3.2.2":
  version: 3.2.2
  resolution: "@azure/identity@npm:3.2.2"
  dependencies:
    "@azure/abort-controller": ^1.0.0
    "@azure/core-auth": ^1.3.0
    "@azure/core-client": ^1.4.0
    "@azure/core-rest-pipeline": ^1.1.0
    "@azure/core-tracing": ^1.0.0
    "@azure/core-util": ^1.0.0
    "@azure/logger": ^1.0.0
    "@azure/msal-browser": ^2.32.2
    "@azure/msal-common": ^9.0.2
    "@azure/msal-node": ^1.14.6
    events: ^3.0.0
    jws: ^4.0.0
    open: ^8.0.0
    stoppable: ^1.1.0
    tslib: ^2.2.0
    uuid: ^8.3.0
  checksum: cbedd293ed6360d98c87148686a1be3a38aad3eaeadcaa7d73e79469904aac2f949a1be67e868d3fd295e749a24ad91bc389ddb82d8574dd173c0583767ec6bf
  languageName: node
  linkType: hard

"@azure/logger@npm:^1.0.0":
  version: 1.0.4
  resolution: "@azure/logger@npm:1.0.4"
  dependencies:
    tslib: ^2.2.0
  checksum: 2c243d4c667bbc5cd3e60d4473d0f1169fcef2498a02138398af15547fe1b2870197bcb4c487327451488e4d71dee05244771d51328f03611e193b99fb9aa9af
  languageName: node
  linkType: hard

"@azure/msal-browser@npm:^2.32.2":
  version: 2.37.1
  resolution: "@azure/msal-browser@npm:2.37.1"
  dependencies:
    "@azure/msal-common": 13.1.0
  checksum: 920b892bcdbc10f5e736e87363cb5964e48e8dcaf20f777f634308a5bc25550a7b02f62e826c1e3b50212e47e14435f9c3a4f72befc955392f0c4327e62518d0
  languageName: node
  linkType: hard

"@azure/msal-common@npm:13.1.0":
  version: 13.1.0
  resolution: "@azure/msal-common@npm:13.1.0"
  checksum: db21145f824f02f63a10fa7e1a356445e0c9e945bb1685a964416f1788a89fca165302d990cdfffb7e794b92dac1c90e4934ed018e92056682f863b0eec82587
  languageName: node
  linkType: hard

"@azure/msal-common@npm:^9.0.2":
  version: 9.1.1
  resolution: "@azure/msal-common@npm:9.1.1"
  checksum: d51d645ee485b699a0fbeab6d9bb01c91f4124704f756266e109c2d1d8ea0ca8d66a9ab81f62f9f76e7358906badcf7d2dd9911c18e20f57770ec9beb4fc4fcd
  languageName: node
  linkType: hard

"@azure/msal-node@npm:^1.14.6":
  version: 1.17.3
  resolution: "@azure/msal-node@npm:1.17.3"
  dependencies:
    "@azure/msal-common": 13.1.0
    jsonwebtoken: ^9.0.0
    uuid: ^8.3.0
  checksum: 6afc815116196e481dd7f2c142b9935dce1fa2b225c87c5e3615d83ecc00e4ff65295f512a9b03349a71c8cf19d6c25e0551dd33a55a4550f77dfa98ccbbc0fd
  languageName: node
  linkType: hard

"@tootallnate/once@npm:2":
  version: 2.0.0
  resolution: "@tootallnate/once@npm:2.0.0"
  checksum: ad87447820dd3f24825d2d947ebc03072b20a42bfc96cbafec16bff8bbda6c1a81fcb0be56d5b21968560c5359a0af4038a68ba150c3e1694fe4c109a063bed8
  languageName: node
  linkType: hard

"@types/js-yaml@npm:^4":
  version: 4.0.5
  resolution: "@types/js-yaml@npm:4.0.5"
  checksum: 7dcac8c50fec31643cc9d6444b5503239a861414cdfaa7ae9a38bc22597c4d850c4b8cec3d82d73b3fbca408348ce223b0408d598b32e094470dfffc6d486b4d
  languageName: node
  linkType: hard

"@types/node@npm:^20.2.5":
  version: 20.2.5
  resolution: "@types/node@npm:20.2.5"
  checksum: 38ce7c7e9d76880dc632f71d71e0d5914fcda9d5e9a7095d6c339abda55ca4affb0f2a882aeb29398f8e09d2c5151f0b6586c81c8ccdfe529c34b1ea3337425e
  languageName: node
  linkType: hard

"@types/prettier@npm:^2":
  version: 2.7.3
  resolution: "@types/prettier@npm:2.7.3"
  checksum: 705384209cea6d1433ff6c187c80dcc0b95d99d5c5ce21a46a9a58060c527973506822e428789d842761e0280d25e3359300f017fbe77b9755bc772ab3dc2f83
  languageName: node
  linkType: hard

"agent-base@npm:6":
  version: 6.0.2
  resolution: "agent-base@npm:6.0.2"
  dependencies:
    debug: 4
  checksum: f52b6872cc96fd5f622071b71ef200e01c7c4c454ee68bc9accca90c98cfb39f2810e3e9aa330435835eedc8c23f4f8a15267f67c6e245d2b33757575bdac49d
  languageName: node
  linkType: hard

"apps@workspace:.":
  version: 0.0.0-use.local
  resolution: "apps@workspace:."
  dependencies:
    "@azure/identity": ^3.2.2
    "@types/js-yaml": ^4
    "@types/node": ^20.2.5
    "@types/prettier": ^2
    js-yaml: ^4.1.0
    prettier: 2.8.8
    typescript: ^5.1.3
  languageName: unknown
  linkType: soft

"argparse@npm:^2.0.1":
  version: 2.0.1
  resolution: "argparse@npm:2.0.1"
  checksum: 83644b56493e89a254bae05702abf3a1101b4fa4d0ca31df1c9985275a5a5bd47b3c27b7fa0b71098d41114d8ca000e6ed90cad764b306f8a503665e4d517ced
  languageName: node
  linkType: hard

"asynckit@npm:^0.4.0":
  version: 0.4.0
  resolution: "asynckit@npm:0.4.0"
  checksum: 7b78c451df768adba04e2d02e63e2d0bf3b07adcd6e42b4cf665cb7ce899bedd344c69a1dcbce355b5f972d597b25aaa1c1742b52cffd9caccb22f348114f6be
  languageName: node
  linkType: hard

"buffer-equal-constant-time@npm:1.0.1":
  version: 1.0.1
  resolution: "buffer-equal-constant-time@npm:1.0.1"
  checksum: 80bb945f5d782a56f374b292770901065bad21420e34936ecbe949e57724b4a13874f735850dd1cc61f078773c4fb5493a41391e7bda40d1fa388d6bd80daaab
  languageName: node
  linkType: hard

"combined-stream@npm:^1.0.8":
  version: 1.0.8
  resolution: "combined-stream@npm:1.0.8"
  dependencies:
    delayed-stream: ~1.0.0
  checksum: 49fa4aeb4916567e33ea81d088f6584749fc90c7abec76fd516bf1c5aa5c79f3584b5ba3de6b86d26ddd64bae5329c4c7479343250cfe71c75bb366eae53bb7c
  languageName: node
  linkType: hard

"debug@npm:4":
  version: 4.3.4
  resolution: "debug@npm:4.3.4"
  dependencies:
    ms: 2.1.2
  peerDependenciesMeta:
    supports-color:
      optional: true
  checksum: 3dbad3f94ea64f34431a9cbf0bafb61853eda57bff2880036153438f50fb5a84f27683ba0d8e5426bf41a8c6ff03879488120cf5b3a761e77953169c0600a708
  languageName: node
  linkType: hard

"define-lazy-prop@npm:^2.0.0":
  version: 2.0.0
  resolution: "define-lazy-prop@npm:2.0.0"
  checksum: 0115fdb065e0490918ba271d7339c42453d209d4cb619dfe635870d906731eff3e1ade8028bb461ea27ce8264ec5e22c6980612d332895977e89c1bbc80fcee2
  languageName: node
  linkType: hard

"delayed-stream@npm:~1.0.0":
  version: 1.0.0
  resolution: "delayed-stream@npm:1.0.0"
  checksum: 46fe6e83e2cb1d85ba50bd52803c68be9bd953282fa7096f51fc29edd5d67ff84ff753c51966061e5ba7cb5e47ef6d36a91924eddb7f3f3483b1c560f77a0020
  languageName: node
  linkType: hard

"ecdsa-sig-formatter@npm:1.0.11":
  version: 1.0.11
  resolution: "ecdsa-sig-formatter@npm:1.0.11"
  dependencies:
    safe-buffer: ^5.0.1
  checksum: 207f9ab1c2669b8e65540bce29506134613dd5f122cccf1e6a560f4d63f2732d427d938f8481df175505aad94583bcb32c688737bb39a6df0625f903d6d93c03
  languageName: node
  linkType: hard

"events@npm:^3.0.0":
  version: 3.3.0
  resolution: "events@npm:3.3.0"
  checksum: f6f487ad2198aa41d878fa31452f1a3c00958f46e9019286ff4787c84aac329332ab45c9cdc8c445928fc6d7ded294b9e005a7fce9426488518017831b272780
  languageName: node
  linkType: hard

"form-data@npm:^4.0.0":
  version: 4.0.0
  resolution: "form-data@npm:4.0.0"
  dependencies:
    asynckit: ^0.4.0
    combined-stream: ^1.0.8
    mime-types: ^2.1.12
  checksum: 01135bf8675f9d5c61ff18e2e2932f719ca4de964e3be90ef4c36aacfc7b9cb2fceb5eca0b7e0190e3383fe51c5b37f4cb80b62ca06a99aaabfcfd6ac7c9328c
  languageName: node
  linkType: hard

"http-proxy-agent@npm:^5.0.0":
  version: 5.0.0
  resolution: "http-proxy-agent@npm:5.0.0"
  dependencies:
    "@tootallnate/once": 2
    agent-base: 6
    debug: 4
  checksum: e2ee1ff1656a131953839b2a19cd1f3a52d97c25ba87bd2559af6ae87114abf60971e498021f9b73f9fd78aea8876d1fb0d4656aac8a03c6caa9fc175f22b786
  languageName: node
  linkType: hard

"https-proxy-agent@npm:^5.0.0":
  version: 5.0.1
  resolution: "https-proxy-agent@npm:5.0.1"
  dependencies:
    agent-base: 6
    debug: 4
  checksum: 571fccdf38184f05943e12d37d6ce38197becdd69e58d03f43637f7fa1269cf303a7d228aa27e5b27bbd3af8f09fd938e1c91dcfefff2df7ba77c20ed8dfc765
  languageName: node
  linkType: hard

"is-docker@npm:^2.0.0, is-docker@npm:^2.1.1":
  version: 2.2.1
  resolution: "is-docker@npm:2.2.1"
  bin:
    is-docker: cli.js
  checksum: 3fef7ddbf0be25958e8991ad941901bf5922ab2753c46980b60b05c1bf9c9c2402d35e6dc32e4380b980ef5e1970a5d9d5e5aa2e02d77727c3b6b5e918474c56
  languageName: node
  linkType: hard

"is-wsl@npm:^2.2.0":
  version: 2.2.0
  resolution: "is-wsl@npm:2.2.0"
  dependencies:
    is-docker: ^2.0.0
  checksum: 20849846ae414997d290b75e16868e5261e86ff5047f104027026fd61d8b5a9b0b3ade16239f35e1a067b3c7cc02f70183cb661010ed16f4b6c7c93dad1b19d8
  languageName: node
  linkType: hard

"js-yaml@npm:^4.1.0":
  version: 4.1.0
  resolution: "js-yaml@npm:4.1.0"
  dependencies:
    argparse: ^2.0.1
  bin:
    js-yaml: bin/js-yaml.js
  checksum: c7830dfd456c3ef2c6e355cc5a92e6700ceafa1d14bba54497b34a99f0376cecbb3e9ac14d3e5849b426d5a5140709a66237a8c991c675431271c4ce5504151a
  languageName: node
  linkType: hard

"jsonwebtoken@npm:^9.0.0":
  version: 9.0.0
  resolution: "jsonwebtoken@npm:9.0.0"
  dependencies:
    jws: ^3.2.2
    lodash: ^4.17.21
    ms: ^2.1.1
    semver: ^7.3.8
  checksum: b9181cecf9df99f1dc0253f91ba000a1aa4d91f5816d1608c0dba61a5623726a0bfe200b51df25de18c1a6000825d231ad7ce2788aa54fd48dcb760ad9eb9514
  languageName: node
  linkType: hard

"jwa@npm:^1.4.1":
  version: 1.4.1
  resolution: "jwa@npm:1.4.1"
  dependencies:
    buffer-equal-constant-time: 1.0.1
    ecdsa-sig-formatter: 1.0.11
    safe-buffer: ^5.0.1
  checksum: ff30ea7c2dcc61f3ed2098d868bf89d43701605090c5b21b5544b512843ec6fd9e028381a4dda466cbcdb885c2d1150f7c62e7168394ee07941b4098e1035e2f
  languageName: node
  linkType: hard

"jwa@npm:^2.0.0":
  version: 2.0.0
  resolution: "jwa@npm:2.0.0"
  dependencies:
    buffer-equal-constant-time: 1.0.1
    ecdsa-sig-formatter: 1.0.11
    safe-buffer: ^5.0.1
  checksum: 8f00b71ad5fe94cb55006d0d19202f8f56889109caada2f7eeb63ca81755769ce87f4f48101967f398462e3b8ae4faebfbd5a0269cb755dead5d63c77ba4d2f1
  languageName: node
  linkType: hard

"jws@npm:^3.2.2":
  version: 3.2.2
  resolution: "jws@npm:3.2.2"
  dependencies:
    jwa: ^1.4.1
    safe-buffer: ^5.0.1
  checksum: f0213fe5b79344c56cd443428d8f65c16bf842dc8cb8f5aed693e1e91d79c20741663ad6eff07a6d2c433d1831acc9814e8d7bada6a0471fbb91d09ceb2bf5c2
  languageName: node
  linkType: hard

"jws@npm:^4.0.0":
  version: 4.0.0
  resolution: "jws@npm:4.0.0"
  dependencies:
    jwa: ^2.0.0
    safe-buffer: ^5.0.1
  checksum: d68d07aa6d1b8cb35c363a9bd2b48f15064d342a5d9dc18a250dbbce8dc06bd7e4792516c50baa16b8d14f61167c19e851fd7f66b59ecc68b7f6a013759765f7
  languageName: node
  linkType: hard

"lodash@npm:^4.17.21":
  version: 4.17.21
  resolution: "lodash@npm:4.17.21"
  checksum: eb835a2e51d381e561e508ce932ea50a8e5a68f4ebdd771ea240d3048244a8d13658acbd502cd4829768c56f2e16bdd4340b9ea141297d472517b83868e677f7
  languageName: node
  linkType: hard

"lru-cache@npm:^6.0.0":
  version: 6.0.0
  resolution: "lru-cache@npm:6.0.0"
  dependencies:
    yallist: ^4.0.0
  checksum: f97f499f898f23e4585742138a22f22526254fdba6d75d41a1c2526b3b6cc5747ef59c5612ba7375f42aca4f8461950e925ba08c991ead0651b4918b7c978297
  languageName: node
  linkType: hard

"mime-db@npm:1.52.0":
  version: 1.52.0
  resolution: "mime-db@npm:1.52.0"
  checksum: 0d99a03585f8b39d68182803b12ac601d9c01abfa28ec56204fa330bc9f3d1c5e14beb049bafadb3dbdf646dfb94b87e24d4ec7b31b7279ef906a8ea9b6a513f
  languageName: node
  linkType: hard

"mime-types@npm:^2.1.12":
  version: 2.1.35
  resolution: "mime-types@npm:2.1.35"
  dependencies:
    mime-db: 1.52.0
  checksum: 89a5b7f1def9f3af5dad6496c5ed50191ae4331cc5389d7c521c8ad28d5fdad2d06fd81baf38fed813dc4e46bb55c8145bb0ff406330818c9cf712fb2e9b3836
  languageName: node
  linkType: hard

"ms@npm:2.1.2":
  version: 2.1.2
  resolution: "ms@npm:2.1.2"
  checksum: 673cdb2c3133eb050c745908d8ce632ed2c02d85640e2edb3ace856a2266a813b30c613569bf3354fdf4ea7d1a1494add3bfa95e2713baa27d0c2c71fc44f58f
  languageName: node
  linkType: hard

"ms@npm:^2.1.1":
  version: 2.1.3
  resolution: "ms@npm:2.1.3"
  checksum: aa92de608021b242401676e35cfa5aa42dd70cbdc082b916da7fb925c542173e36bce97ea3e804923fe92c0ad991434e4a38327e15a1b5b5f945d66df615ae6d
  languageName: node
  linkType: hard

"open@npm:^8.0.0":
  version: 8.4.2
  resolution: "open@npm:8.4.2"
  dependencies:
    define-lazy-prop: ^2.0.0
    is-docker: ^2.1.1
    is-wsl: ^2.2.0
  checksum: 6388bfff21b40cb9bd8f913f9130d107f2ed4724ea81a8fd29798ee322b361ca31fa2cdfb491a5c31e43a3996cfe9566741238c7a741ada8d7af1cb78d85cf26
  languageName: node
  linkType: hard

"prettier@npm:2.8.8":
  version: 2.8.8
  resolution: "prettier@npm:2.8.8"
  bin:
    prettier: bin-prettier.js
  checksum: b49e409431bf129dd89238d64299ba80717b57ff5a6d1c1a8b1a28b590d998a34e083fa13573bc732bb8d2305becb4c9a4407f8486c81fa7d55100eb08263cf8
  languageName: node
  linkType: hard

"safe-buffer@npm:^5.0.1":
  version: 5.2.1
  resolution: "safe-buffer@npm:5.2.1"
  checksum: b99c4b41fdd67a6aaf280fcd05e9ffb0813654894223afb78a31f14a19ad220bba8aba1cb14eddce1fcfb037155fe6de4e861784eb434f7d11ed58d1e70dd491
  languageName: node
  linkType: hard

"semver@npm:^7.3.8":
  version: 7.5.1
  resolution: "semver@npm:7.5.1"
  dependencies:
    lru-cache: ^6.0.0
  bin:
    semver: bin/semver.js
  checksum: d16dbedad53c65b086f79524b9ef766bf38670b2395bdad5c957f824dcc566b624988013564f4812bcace3f9d405355c3635e2007396a39d1bffc71cfec4a2fc
  languageName: node
  linkType: hard

"stoppable@npm:^1.1.0":
  version: 1.1.0
  resolution: "stoppable@npm:1.1.0"
  checksum: 63104fcbdece130bc4906fd982061e763d2ef48065ed1ab29895e5ad00552c625f8a4c50c9cd2e3bfa805c8a2c3bfdda0f07c5ae39694bd2d5cb0bee1618d1e9
  languageName: node
  linkType: hard

"tslib@npm:^2.2.0":
  version: 2.5.3
  resolution: "tslib@npm:2.5.3"
  checksum: 88902b309afaf83259131c1e13da1dceb0ad1682a213143a1346a649143924d78cf3760c448b84d796938fd76127183894f8d85cbb3bf9c4fddbfcc140c0003c
  languageName: node
  linkType: hard

"typescript@npm:^5.1.3":
  version: 5.1.3
  resolution: "typescript@npm:5.1.3"
  bin:
    tsc: bin/tsc
    tsserver: bin/tsserver
  checksum: d9d51862d98efa46534f2800a1071a613751b1585dc78884807d0c179bcd93d6e9d4012a508e276742f5f33c480adefc52ffcafaf9e0e00ab641a14cde9a31c7
  languageName: node
  linkType: hard

"typescript@patch:typescript@^5.1.3#~builtin<compat/typescript>":
  version: 5.1.3
  resolution: "typescript@patch:typescript@npm%3A5.1.3#~builtin<compat/typescript>::version=5.1.3&hash=5da071"
  bin:
    tsc: bin/tsc
    tsserver: bin/tsserver
  checksum: 6f0a9dca6bf4ce9dcaf4e282aade55ef4c56ecb5fb98d0a4a5c0113398815aea66d871b5611e83353e5953a19ed9ef103cf5a76ac0f276d550d1e7cd5344f61e
  languageName: node
  linkType: hard

"uuid@npm:^8.3.0":
  version: 8.3.2
  resolution: "uuid@npm:8.3.2"
  bin:
    uuid: dist/bin/uuid
  checksum: 5575a8a75c13120e2f10e6ddc801b2c7ed7d8f3c8ac22c7ed0c7b2ba6383ec0abda88c905085d630e251719e0777045ae3236f04c812184b7c765f63a70e58df
  languageName: node
  linkType: hard

"yallist@npm:^4.0.0":
  version: 4.0.0
  resolution: "yallist@npm:4.0.0"
  checksum: 343617202af32df2a15a3be36a5a8c0c8545208f3d3dfbc6bb7c3e3b7e8c6f8e7485432e4f3b88da3031a6e20afa7c711eded32ddfb122896ac5d914e75848d5
  languageName: node
  linkType: hard
